
Microsoft Visual Studio Solution File, Format Version 12.00
# Visual Studio 2013
VisualStudioVersion = 12.0.31101.0
MinimumVisualStudioVersion = 10.0.40219.1
Project("{FAE04EC0-301F-11D3-BF4B-00C04F79EFBC}") = "Razor", "Razor\Razor.csproj", "{017A0885-8336-4FFB-9AE9-00E814FF6802}"
EndProject
Global
	GlobalSection(SolutionConfigurationPlatforms) = preSolution
		Debug|Any CPU = Debug|Any CPU
		Release|Any CPU = Release|Any CPU
	EndGlobalSection
	GlobalSection(ProjectConfigurationPlatforms) = postSolution
		{017A0885-8336-4FFB-9AE9-00E814FF6802}.Debug|Any CPU.ActiveCfg = Debug|Any CPU
		{017A0885-8336-4FFB-9AE9-00E814FF6802}.Debug|Any CPU.Build.0 = Debug|Any CPU
		{017A0885-8336-4FFB-9AE9-00E814FF6802}.Release|Any CPU.ActiveCfg = Release|Any CPU
		{017A0885-8336-4FFB-9AE9-00E814FF6802}.Release|Any CPU.Build.0 = Release|Any CPU
	EndGlobalSection
	GlobalSection(SolutionProperties) = preSolution
		HideSolutionNode = FALSE
	EndGlobalSection
EndGlobal
