
Microsoft Visual Studio Solution File, Format Version 12.00
# Visual Studio 2013
VisualStudioVersion = 12.0.40629.0
MinimumVisualStudioVersion = 10.0.40219.1
Project("{2150E333-8FDC-42A3-9474-1A3956D46DE8}") = "TZHSWEET.BusinessLogicLayer", "TZHSWEET.BusinessLogicLayer", "{EB0A52CE-0C3E-4A1E-8CA1-59D604AE6CFD}"
EndProject
Project("{2150E333-8FDC-42A3-9474-1A3956D46DE8}") = "TZHSWEET.DataAccessLayer", "TZHSWEET.DataAccessLayer", "{E235FE5F-B7B9-47CC-8CE9-5AF6D1C95923}"
EndProject
Project("{2150E333-8FDC-42A3-9474-1A3956D46DE8}") = "TZHSWEET.UserInterface", "TZHSWEET.UserInterface", "{31B2014C-FCCD-4C10-9C58-9EF614A3AD66}"
EndProject
Project("{2150E333-8FDC-42A3-9474-1A3956D46DE8}") = "TZHSWEET.Infrastructure", "TZHSWEET.Infrastructure", "{E6099CAA-0546-45AF-A463-44584B71DCCF}"
EndProject
Project("{2150E333-8FDC-42A3-9474-1A3956D46DE8}") = "TZHSWEET.Domain", "TZHSWEET.Domain", "{3C3F7B47-4383-4C6D-858D-317C5473F272}"
EndProject
Project("{2150E333-8FDC-42A3-9474-1A3956D46DE8}") = "Solution Items", "Solution Items", "{3E9E00ED-0449-4409-97B6-FF20E9BD0163}"
	ProjectSection(SolutionItems) = preProject
		Local.testsettings = Local.testsettings
		TraceAndTestImpact.testsettings = TraceAndTestImpact.testsettings
		TZHSWEET.vsmdi = TZHSWEET.vsmdi
	EndProjectSection
EndProject
Project("{FAE04EC0-301F-11D3-BF4B-00C04F79EFBC}") = "TZHSWEET.WebUI", "TZHSWEET.WebUI\TZHSWEET.WebUI.csproj", "{64CEC696-3FD4-4DD8-A2C1-14A5C4432E18}"
EndProject
Project("{FAE04EC0-301F-11D3-BF4B-00C04F79EFBC}") = "TZHSWEET.IDao", "TZHSWEET.IDao\TZHSWEET.IDao.csproj", "{35EDA234-FFDE-4761-8F62-FC94C9EE584E}"
EndProject
Project("{FAE04EC0-301F-11D3-BF4B-00C04F79EFBC}") = "TZHSWEET.EFDao", "TZHSWEET.EFDao\TZHSWEET.EFDao.csproj", "{98A00D14-E3C4-473B-A02B-3137A14B3436}"
EndProject
Project("{FAE04EC0-301F-11D3-BF4B-00C04F79EFBC}") = "TZHSWEET.IBLL", "TZHSWEET.IBLL\TZHSWEET.IBLL.csproj", "{21AB04C9-D25F-4398-8DD6-335AEA16884A}"
EndProject
Project("{FAE04EC0-301F-11D3-BF4B-00C04F79EFBC}") = "TZHSWEET.BLL", "TZHSWEET.BLL\TZHSWEET.BLL.csproj", "{F232478A-A44A-490D-8152-8809BEE5CD0A}"
EndProject
Project("{FAE04EC0-301F-11D3-BF4B-00C04F79EFBC}") = "TZHSWEET.CacheStorage", "TZHSWEET.CacheStorage\TZHSWEET.CacheStorage.csproj", "{CF53ED56-4068-4B14-9C0B-72903AD3AC10}"
EndProject
Project("{FAE04EC0-301F-11D3-BF4B-00C04F79EFBC}") = "TZHSWEET.Common", "TZHSWEET.Common\TZHSWEET.Common.csproj", "{900EE6E9-83A0-4CA1-9616-7990FBBBBE70}"
EndProject
Project("{FAE04EC0-301F-11D3-BF4B-00C04F79EFBC}") = "TZHSWEET.ViewModel", "TZHSWEET.ViewModel\TZHSWEET.ViewModel.csproj", "{3DFB2906-858A-4290-8989-60F6840A7E16}"
EndProject
Project("{FAE04EC0-301F-11D3-BF4B-00C04F79EFBC}") = "TZHSWEET.MethodTest", "TZHSWEET.DataTest\TZHSWEET.MethodTest.csproj", "{F49B91BD-DBE3-4709-ACFB-0337E0E79DE3}"
EndProject
Project("{FAE04EC0-301F-11D3-BF4B-00C04F79EFBC}") = "TZHSWEET.UI", "TZHSWEET.UI\TZHSWEET.UI.csproj", "{0277C628-A2CE-434D-B42C-4AC87545BF28}"
EndProject
Project("{FAE04EC0-301F-11D3-BF4B-00C04F79EFBC}") = "TZHSWEET.Entity", "TZHSWEET.Entity\TZHSWEET.Entity.csproj", "{BD0A416D-4F15-49A7-BAF8-EDD6A0F251C9}"
EndProject
Global
	GlobalSection(SolutionConfigurationPlatforms) = preSolution
		Debug|Any CPU = Debug|Any CPU
		Release|Any CPU = Release|Any CPU
	EndGlobalSection
	GlobalSection(ProjectConfigurationPlatforms) = postSolution
		{64CEC696-3FD4-4DD8-A2C1-14A5C4432E18}.Debug|Any CPU.ActiveCfg = Debug|Any CPU
		{64CEC696-3FD4-4DD8-A2C1-14A5C4432E18}.Debug|Any CPU.Build.0 = Debug|Any CPU
		{64CEC696-3FD4-4DD8-A2C1-14A5C4432E18}.Release|Any CPU.ActiveCfg = Release|Any CPU
		{64CEC696-3FD4-4DD8-A2C1-14A5C4432E18}.Release|Any CPU.Build.0 = Release|Any CPU
		{35EDA234-FFDE-4761-8F62-FC94C9EE584E}.Debug|Any CPU.ActiveCfg = Debug|Any CPU
		{35EDA234-FFDE-4761-8F62-FC94C9EE584E}.Debug|Any CPU.Build.0 = Debug|Any CPU
		{35EDA234-FFDE-4761-8F62-FC94C9EE584E}.Release|Any CPU.ActiveCfg = Release|Any CPU
		{35EDA234-FFDE-4761-8F62-FC94C9EE584E}.Release|Any CPU.Build.0 = Release|Any CPU
		{98A00D14-E3C4-473B-A02B-3137A14B3436}.Debug|Any CPU.ActiveCfg = Debug|Any CPU
		{98A00D14-E3C4-473B-A02B-3137A14B3436}.Debug|Any CPU.Build.0 = Debug|Any CPU
		{98A00D14-E3C4-473B-A02B-3137A14B3436}.Release|Any CPU.ActiveCfg = Release|Any CPU
		{98A00D14-E3C4-473B-A02B-3137A14B3436}.Release|Any CPU.Build.0 = Release|Any CPU
		{21AB04C9-D25F-4398-8DD6-335AEA16884A}.Debug|Any CPU.ActiveCfg = Debug|Any CPU
		{21AB04C9-D25F-4398-8DD6-335AEA16884A}.Debug|Any CPU.Build.0 = Debug|Any CPU
		{21AB04C9-D25F-4398-8DD6-335AEA16884A}.Release|Any CPU.ActiveCfg = Release|Any CPU
		{21AB04C9-D25F-4398-8DD6-335AEA16884A}.Release|Any CPU.Build.0 = Release|Any CPU
		{F232478A-A44A-490D-8152-8809BEE5CD0A}.Debug|Any CPU.ActiveCfg = Debug|Any CPU
		{F232478A-A44A-490D-8152-8809BEE5CD0A}.Debug|Any CPU.Build.0 = Debug|Any CPU
		{F232478A-A44A-490D-8152-8809BEE5CD0A}.Release|Any CPU.ActiveCfg = Release|Any CPU
		{F232478A-A44A-490D-8152-8809BEE5CD0A}.Release|Any CPU.Build.0 = Release|Any CPU
		{CF53ED56-4068-4B14-9C0B-72903AD3AC10}.Debug|Any CPU.ActiveCfg = Debug|Any CPU
		{CF53ED56-4068-4B14-9C0B-72903AD3AC10}.Debug|Any CPU.Build.0 = Debug|Any CPU
		{CF53ED56-4068-4B14-9C0B-72903AD3AC10}.Release|Any CPU.ActiveCfg = Release|Any CPU
		{CF53ED56-4068-4B14-9C0B-72903AD3AC10}.Release|Any CPU.Build.0 = Release|Any CPU
		{900EE6E9-83A0-4CA1-9616-7990FBBBBE70}.Debug|Any CPU.ActiveCfg = Debug|Any CPU
		{900EE6E9-83A0-4CA1-9616-7990FBBBBE70}.Debug|Any CPU.Build.0 = Debug|Any CPU
		{900EE6E9-83A0-4CA1-9616-7990FBBBBE70}.Release|Any CPU.ActiveCfg = Release|Any CPU
		{900EE6E9-83A0-4CA1-9616-7990FBBBBE70}.Release|Any CPU.Build.0 = Release|Any CPU
		{3DFB2906-858A-4290-8989-60F6840A7E16}.Debug|Any CPU.ActiveCfg = Debug|Any CPU
		{3DFB2906-858A-4290-8989-60F6840A7E16}.Debug|Any CPU.Build.0 = Debug|Any CPU
		{3DFB2906-858A-4290-8989-60F6840A7E16}.Release|Any CPU.ActiveCfg = Release|Any CPU
		{3DFB2906-858A-4290-8989-60F6840A7E16}.Release|Any CPU.Build.0 = Release|Any CPU
		{F49B91BD-DBE3-4709-ACFB-0337E0E79DE3}.Debug|Any CPU.ActiveCfg = Debug|Any CPU
		{F49B91BD-DBE3-4709-ACFB-0337E0E79DE3}.Debug|Any CPU.Build.0 = Debug|Any CPU
		{F49B91BD-DBE3-4709-ACFB-0337E0E79DE3}.Release|Any CPU.ActiveCfg = Release|Any CPU
		{F49B91BD-DBE3-4709-ACFB-0337E0E79DE3}.Release|Any CPU.Build.0 = Release|Any CPU
		{0277C628-A2CE-434D-B42C-4AC87545BF28}.Debug|Any CPU.ActiveCfg = Debug|Any CPU
		{0277C628-A2CE-434D-B42C-4AC87545BF28}.Debug|Any CPU.Build.0 = Debug|Any CPU
		{0277C628-A2CE-434D-B42C-4AC87545BF28}.Release|Any CPU.ActiveCfg = Release|Any CPU
		{0277C628-A2CE-434D-B42C-4AC87545BF28}.Release|Any CPU.Build.0 = Release|Any CPU
		{BD0A416D-4F15-49A7-BAF8-EDD6A0F251C9}.Debug|Any CPU.ActiveCfg = Debug|Any CPU
		{BD0A416D-4F15-49A7-BAF8-EDD6A0F251C9}.Debug|Any CPU.Build.0 = Debug|Any CPU
		{BD0A416D-4F15-49A7-BAF8-EDD6A0F251C9}.Release|Any CPU.ActiveCfg = Release|Any CPU
		{BD0A416D-4F15-49A7-BAF8-EDD6A0F251C9}.Release|Any CPU.Build.0 = Release|Any CPU
	EndGlobalSection
	GlobalSection(SolutionProperties) = preSolution
		HideSolutionNode = FALSE
	EndGlobalSection
	GlobalSection(NestedProjects) = preSolution
		{3E9E00ED-0449-4409-97B6-FF20E9BD0163} = {31B2014C-FCCD-4C10-9C58-9EF614A3AD66}
		{64CEC696-3FD4-4DD8-A2C1-14A5C4432E18} = {31B2014C-FCCD-4C10-9C58-9EF614A3AD66}
		{35EDA234-FFDE-4761-8F62-FC94C9EE584E} = {E235FE5F-B7B9-47CC-8CE9-5AF6D1C95923}
		{98A00D14-E3C4-473B-A02B-3137A14B3436} = {E235FE5F-B7B9-47CC-8CE9-5AF6D1C95923}
		{21AB04C9-D25F-4398-8DD6-335AEA16884A} = {EB0A52CE-0C3E-4A1E-8CA1-59D604AE6CFD}
		{F232478A-A44A-490D-8152-8809BEE5CD0A} = {EB0A52CE-0C3E-4A1E-8CA1-59D604AE6CFD}
		{CF53ED56-4068-4B14-9C0B-72903AD3AC10} = {E6099CAA-0546-45AF-A463-44584B71DCCF}
		{900EE6E9-83A0-4CA1-9616-7990FBBBBE70} = {E6099CAA-0546-45AF-A463-44584B71DCCF}
		{3DFB2906-858A-4290-8989-60F6840A7E16} = {3C3F7B47-4383-4C6D-858D-317C5473F272}
		{F49B91BD-DBE3-4709-ACFB-0337E0E79DE3} = {31B2014C-FCCD-4C10-9C58-9EF614A3AD66}
		{0277C628-A2CE-434D-B42C-4AC87545BF28} = {31B2014C-FCCD-4C10-9C58-9EF614A3AD66}
		{BD0A416D-4F15-49A7-BAF8-EDD6A0F251C9} = {3C3F7B47-4383-4C6D-858D-317C5473F272}
	EndGlobalSection
	GlobalSection(TestCaseManagementSettings) = postSolution
		CategoryFile = TZHSWEET.vsmdi
	EndGlobalSection
EndGlobal
