
Microsoft Visual Studio Solution File, Format Version 12.00
# Visual Studio 2013
VisualStudioVersion = 12.0.21005.1
MinimumVisualStudioVersion = 10.0.40219.1
Project("{FAE04EC0-301F-11D3-BF4B-00C04F79EFBC}") = "HospitalData", "HospitalData\HospitalData.csproj", "{8522E3AA-47F1-4120-8D03-1C67894750AD}"
EndProject
Project("{FAE04EC0-301F-11D3-BF4B-00C04F79EFBC}") = "HospitalMVC", "HospitalMVC\HospitalMVC.csproj", "{84005724-F780-4691-981F-749DADB3AD54}"
EndProject
Global
	GlobalSection(SolutionConfigurationPlatforms) = preSolution
		Debug|Any CPU = Debug|Any CPU
		Release|Any CPU = Release|Any CPU
	EndGlobalSection
	GlobalSection(ProjectConfigurationPlatforms) = postSolution
		{8522E3AA-47F1-4120-8D03-1C67894750AD}.Debug|Any CPU.ActiveCfg = Debug|Any CPU
		{8522E3AA-47F1-4120-8D03-1C67894750AD}.Debug|Any CPU.Build.0 = Debug|Any CPU
		{8522E3AA-47F1-4120-8D03-1C67894750AD}.Release|Any CPU.ActiveCfg = Release|Any CPU
		{8522E3AA-47F1-4120-8D03-1C67894750AD}.Release|Any CPU.Build.0 = Release|Any CPU
		{84005724-F780-4691-981F-749DADB3AD54}.Debug|Any CPU.ActiveCfg = Debug|Any CPU
		{84005724-F780-4691-981F-749DADB3AD54}.Debug|Any CPU.Build.0 = Debug|Any CPU
		{84005724-F780-4691-981F-749DADB3AD54}.Release|Any CPU.ActiveCfg = Release|Any CPU
		{84005724-F780-4691-981F-749DADB3AD54}.Release|Any CPU.Build.0 = Release|Any CPU
	EndGlobalSection
	GlobalSection(SolutionProperties) = preSolution
		HideSolutionNode = FALSE
	EndGlobalSection
EndGlobal
