
Microsoft Visual Studio Solution File, Format Version 12.00
# Visual Studio 2013
VisualStudioVersion = 12.0.31101.0
MinimumVisualStudioVersion = 10.0.40219.1
Project("{FAE04EC0-301F-11D3-BF4B-00C04F79EFBC}") = "HospitalData", "HospitalData\HospitalData.csproj", "{8522E3AA-47F1-4120-8D03-1C67894750AD}"
EndProject
Project("{FAE04EC0-301F-11D3-BF4B-00C04F79EFBC}") = "HospitalMVC", "HospitalMVC\HospitalMVC.csproj", "{70D3CACE-FBF4-4F02-9003-07957739654A}"
EndProject
Global
	GlobalSection(SolutionConfigurationPlatforms) = preSolution
		Debug|Any CPU = Debug|Any CPU
		Release|Any CPU = Release|Any CPU
	EndGlobalSection
	GlobalSection(ProjectConfigurationPlatforms) = postSolution
		{8522E3AA-47F1-4120-8D03-1C67894750AD}.Debug|Any CPU.ActiveCfg = Debug|Any CPU
		{8522E3AA-47F1-4120-8D03-1C67894750AD}.Debug|Any CPU.Build.0 = Debug|Any CPU
		{8522E3AA-47F1-4120-8D03-1C67894750AD}.Release|Any CPU.ActiveCfg = Release|Any CPU
		{8522E3AA-47F1-4120-8D03-1C67894750AD}.Release|Any CPU.Build.0 = Release|Any CPU
		{70D3CACE-FBF4-4F02-9003-07957739654A}.Debug|Any CPU.ActiveCfg = Debug|Any CPU
		{70D3CACE-FBF4-4F02-9003-07957739654A}.Debug|Any CPU.Build.0 = Debug|Any CPU
		{70D3CACE-FBF4-4F02-9003-07957739654A}.Release|Any CPU.ActiveCfg = Release|Any CPU
		{70D3CACE-FBF4-4F02-9003-07957739654A}.Release|Any CPU.Build.0 = Release|Any CPU
	EndGlobalSection
	GlobalSection(SolutionProperties) = preSolution
		HideSolutionNode = FALSE
	EndGlobalSection
EndGlobal
