
Microsoft Visual Studio Solution File, Format Version 12.00
# Visual Studio 2013
VisualStudioVersion = 12.0.40629.0
MinimumVisualStudioVersion = 10.0.40219.1
Project("{FAE04EC0-301F-11D3-BF4B-00C04F79EFBC}") = "SpaceBIA.Case.SZ.CityManager", "SpaceBIA.Case.SZ.CityManager\SpaceBIA.Case.SZ.CityManager.csproj", "{BD94F43E-D976-4701-B3C8-9F44C33982E5}"
EndProject
Project("{FAE04EC0-301F-11D3-BF4B-00C04F79EFBC}") = "SpaceBIA.Case.SZ.CityManager.DataAccess", "SpaceBIA.Case.SZ.CityManager.DataAccess\SpaceBIA.Case.SZ.CityManager.DataAccess.csproj", "{9BF4FC65-B800-4D5E-A841-12C855A49D83}"
EndProject
Global
	GlobalSection(TeamFoundationVersionControl) = preSolution
		SccNumberOfProjects = 3
		SccEnterpriseProvider = {4CA58AB2-18FA-4F8D-95D4-32DDF27D184C}
		SccTeamFoundationServer = http://tfs.china-ccw.com:58080/tfs/defaultcollection
		SccLocalPath0 = .
		SccProjectUniqueName1 = SpaceBIA.Case.SZ.CityManager\\SpaceBIA.Case.SZ.CityManager.csproj
		SccProjectName1 = SpaceBIA.Case.SZ.CityManager
		SccLocalPath1 = SpaceBIA.Case.SZ.CityManager
		SccProjectUniqueName2 = SpaceBIA.Case.SZ.CityManager.DataAccess\\SpaceBIA.Case.SZ.CityManager.DataAccess.csproj
		SccProjectName2 = SpaceBIA.Case.SZ.CityManager.DataAccess
		SccLocalPath2 = SpaceBIA.Case.SZ.CityManager.DataAccess
	EndGlobalSection
	GlobalSection(SolutionConfigurationPlatforms) = preSolution
		Debug|Any CPU = Debug|Any CPU
		Release|Any CPU = Release|Any CPU
	EndGlobalSection
	GlobalSection(ProjectConfigurationPlatforms) = postSolution
		{BD94F43E-D976-4701-B3C8-9F44C33982E5}.Debug|Any CPU.ActiveCfg = Debug|Any CPU
		{BD94F43E-D976-4701-B3C8-9F44C33982E5}.Debug|Any CPU.Build.0 = Debug|Any CPU
		{BD94F43E-D976-4701-B3C8-9F44C33982E5}.Release|Any CPU.ActiveCfg = Release|Any CPU
		{BD94F43E-D976-4701-B3C8-9F44C33982E5}.Release|Any CPU.Build.0 = Release|Any CPU
		{9BF4FC65-B800-4D5E-A841-12C855A49D83}.Debug|Any CPU.ActiveCfg = Debug|Any CPU
		{9BF4FC65-B800-4D5E-A841-12C855A49D83}.Debug|Any CPU.Build.0 = Debug|Any CPU
		{9BF4FC65-B800-4D5E-A841-12C855A49D83}.Release|Any CPU.ActiveCfg = Release|Any CPU
		{9BF4FC65-B800-4D5E-A841-12C855A49D83}.Release|Any CPU.Build.0 = Release|Any CPU
	EndGlobalSection
	GlobalSection(SolutionProperties) = preSolution
		HideSolutionNode = FALSE
	EndGlobalSection
EndGlobal
